
Microsoft Visual Studio Solution File, Format Version 12.00
# Visual Studio Version 17
VisualStudioVersion = 17.2.32616.157
MinimumVisualStudioVersion = 10.0.40219.1
Project("{FAE04EC0-301F-11D3-BF4B-00C04F79EFBC}") = "Algorithms.BinarySearch", "Algorithms.BinarySearch\Algorithms.BinarySearch.csproj", "{9B57D713-BC23-4DCE-AF6B-F419EFBE9C0E}"
EndProject
Project("{FAE04EC0-301F-11D3-BF4B-00C04F79EFBC}") = "SelectionSorting", "InsertSorting\SelectionSorting.csproj", "{F320DD09-8094-4CBA-B5A2-CD0F22916A30}"
EndProject
Global
	GlobalSection(SolutionConfigurationPlatforms) = preSolution
		Debug|Any CPU = Debug|Any CPU
		Release|Any CPU = Release|Any CPU
	EndGlobalSection
	GlobalSection(ProjectConfigurationPlatforms) = postSolution
		{9B57D713-BC23-4DCE-AF6B-F419EFBE9C0E}.Debug|Any CPU.ActiveCfg = Debug|Any CPU
		{9B57D713-BC23-4DCE-AF6B-F419EFBE9C0E}.Debug|Any CPU.Build.0 = Debug|Any CPU
		{9B57D713-BC23-4DCE-AF6B-F419EFBE9C0E}.Release|Any CPU.ActiveCfg = Release|Any CPU
		{9B57D713-BC23-4DCE-AF6B-F419EFBE9C0E}.Release|Any CPU.Build.0 = Release|Any CPU
		{F320DD09-8094-4CBA-B5A2-CD0F22916A30}.Debug|Any CPU.ActiveCfg = Debug|Any CPU
		{F320DD09-8094-4CBA-B5A2-CD0F22916A30}.Debug|Any CPU.Build.0 = Debug|Any CPU
		{F320DD09-8094-4CBA-B5A2-CD0F22916A30}.Release|Any CPU.ActiveCfg = Release|Any CPU
		{F320DD09-8094-4CBA-B5A2-CD0F22916A30}.Release|Any CPU.Build.0 = Release|Any CPU
	EndGlobalSection
	GlobalSection(SolutionProperties) = preSolution
		HideSolutionNode = FALSE
	EndGlobalSection
	GlobalSection(ExtensibilityGlobals) = postSolution
		SolutionGuid = {E4A153E8-02A2-49C3-8069-37D55B1F72BC}
	EndGlobalSection
EndGlobal
